
Microsoft Visual Studio Solution File, Format Version 12.00
# Visual Studio Version 16
VisualStudioVersion = 16.0.29926.136
MinimumVisualStudioVersion = 10.0.40219.1
Project("{FAE04EC0-301F-11D3-BF4B-00C04F79EFBC}") = "Diploma", "Diploma\Diploma.csproj", "{E1497D08-3D22-4328-9C1B-EE4D56FCE12F}"
EndProject
Global
	GlobalSection(SolutionConfigurationPlatforms) = preSolution
		Debug|Any CPU = Debug|Any CPU
		Release|Any CPU = Release|Any CPU
	EndGlobalSection
	GlobalSection(ProjectConfigurationPlatforms) = postSolution
		{E1497D08-3D22-4328-9C1B-EE4D56FCE12F}.Debug|Any CPU.ActiveCfg = Debug|Any CPU
		{E1497D08-3D22-4328-9C1B-EE4D56FCE12F}.Debug|Any CPU.Build.0 = Debug|Any CPU
		{E1497D08-3D22-4328-9C1B-EE4D56FCE12F}.Release|Any CPU.ActiveCfg = Release|Any CPU
		{E1497D08-3D22-4328-9C1B-EE4D56FCE12F}.Release|Any CPU.Build.0 = Release|Any CPU
	EndGlobalSection
	GlobalSection(SolutionProperties) = preSolution
		HideSolutionNode = FALSE
	EndGlobalSection
	GlobalSection(ExtensibilityGlobals) = postSolution
		SolutionGuid = {7D30F05E-9FDA-4F80-AE67-081383D00220}
	EndGlobalSection
EndGlobal
